
Microsoft Visual Studio Solution File, Format Version 12.00
# Visual Studio Version 17
VisualStudioVersion = 17.2.32616.157
MinimumVisualStudioVersion = 10.0.40219.1
Project("{FAE04EC0-301F-11D3-BF4B-00C04F79EFBC}") = "InventoryDemo", "InventoryDemo.csproj", "{D625F1D3-9AD5-4FCE-B21F-450603D48A6D}"
EndProject
Global
	GlobalSection(SolutionConfigurationPlatforms) = preSolution
		Debug|Any CPU = Debug|Any CPU
		Release|Any CPU = Release|Any CPU
	EndGlobalSection
	GlobalSection(ProjectConfigurationPlatforms) = postSolution
		{D625F1D3-9AD5-4FCE-B21F-450603D48A6D}.Debug|Any CPU.ActiveCfg = Debug|Any CPU
		{D625F1D3-9AD5-4FCE-B21F-450603D48A6D}.Debug|Any CPU.Build.0 = Debug|Any CPU
		{D625F1D3-9AD5-4FCE-B21F-450603D48A6D}.Release|Any CPU.ActiveCfg = Release|Any CPU
		{D625F1D3-9AD5-4FCE-B21F-450603D48A6D}.Release|Any CPU.Build.0 = Release|Any CPU
	EndGlobalSection
	GlobalSection(SolutionProperties) = preSolution
		HideSolutionNode = FALSE
	EndGlobalSection
	GlobalSection(ExtensibilityGlobals) = postSolution
		SolutionGuid = {924EE644-B231-4A24-92E7-C1DEC54ADCEA}
	EndGlobalSection
EndGlobal
